
Microsoft Visual Studio Solution File, Format Version 12.00
# Visual Studio 15
Project("{FAE04EC0-301F-11D3-BF4B-00C04F79EFBC}") = "Unity.XR.Interaction.Toolkit.Samples.StarterAssets", "Unity.XR.Interaction.Toolkit.Samples.StarterAssets.csproj", "{5EA4B1B7-B225-B467-E6FB-16EE6A399AC7}"
EndProject
Project("{FAE04EC0-301F-11D3-BF4B-00C04F79EFBC}") = "Assembly-CSharp", "Assembly-CSharp.csproj", "{0AB5978D-3AD9-B869-70D5-9EFDB8655F22}"
EndProject
Project("{FAE04EC0-301F-11D3-BF4B-00C04F79EFBC}") = "Unity.XR.Interaction.Toolkit.Samples.Hands", "Unity.XR.Interaction.Toolkit.Samples.Hands.csproj", "{9981AB21-0BF8-FE54-C073-9D7C0AF43D91}"
EndProject
Project("{FAE04EC0-301F-11D3-BF4B-00C04F79EFBC}") = "Unity.XR.Interaction.Toolkit.Samples.StarterAssets.Editor", "Unity.XR.Interaction.Toolkit.Samples.StarterAssets.Editor.csproj", "{AC27A4F2-29CE-788E-2F31-E6EBB2CFC5DB}"
EndProject
Project("{FAE04EC0-301F-11D3-BF4B-00C04F79EFBC}") = "Unity.XR.Management.Samples", "Unity.XR.Management.Samples.csproj", "{F2BFACB2-6F3C-DFF1-57AE-B07D30C1C980}"
EndProject
Project("{FAE04EC0-301F-11D3-BF4B-00C04F79EFBC}") = "Assembly-CSharp-Editor", "Assembly-CSharp-Editor.csproj", "{35F842B1-9C5F-6AEE-C15A-8A3A6802F274}"
EndProject
Project("{FAE04EC0-301F-11D3-BF4B-00C04F79EFBC}") = "Unity.XR.Hands.Samples.VisualizerSample", "Unity.XR.Hands.Samples.VisualizerSample.csproj", "{2CFDADB0-FC10-F7FF-751E-B1D60F3D66D2}"
EndProject
Project("{FAE04EC0-301F-11D3-BF4B-00C04F79EFBC}") = "Unity.XR.Interaction.Toolkit.Samples.InteractionSimulator", "Unity.XR.Interaction.Toolkit.Samples.InteractionSimulator.csproj", "{10A4D23C-532D-83C0-D8EE-C8FD7A7EA61F}"
EndProject
Project("{FAE04EC0-301F-11D3-BF4B-00C04F79EFBC}") = "Unity.XR.Management.Samples.Editor", "Unity.XR.Management.Samples.Editor.csproj", "{ECA26469-77DF-DCA9-253F-0E71BA7B0B90}"
EndProject
Project("{FAE04EC0-301F-11D3-BF4B-00C04F79EFBC}") = "Unity.XR.Interaction.Toolkit.Samples.InteractionSimulator.Editor", "Unity.XR.Interaction.Toolkit.Samples.InteractionSimulator.Editor.csproj", "{AC2DC10D-DFB0-D19C-0EC9-3395B51B8FED}"
EndProject
Project("{FAE04EC0-301F-11D3-BF4B-00C04F79EFBC}") = "Unity.XR.Interaction.Toolkit.Samples.Hands.Editor", "Unity.XR.Interaction.Toolkit.Samples.Hands.Editor.csproj", "{2592CF76-4AFE-A9BE-ACA2-052D99C62804}"
EndProject
Global
	GlobalSection(SolutionConfigurationPlatforms) = preSolution
		Debug|Any CPU = Debug|Any CPU
		Release|Any CPU = Release|Any CPU
	EndGlobalSection
	GlobalSection(ProjectConfigurationPlatforms) = postSolution
		{5EA4B1B7-B225-B467-E6FB-16EE6A399AC7}.Debug|Any CPU.ActiveCfg = Debug|Any CPU
		{5EA4B1B7-B225-B467-E6FB-16EE6A399AC7}.Debug|Any CPU.Build.0 = Debug|Any CPU
		{5EA4B1B7-B225-B467-E6FB-16EE6A399AC7}.Release|Any CPU.ActiveCfg = Release|Any CPU
		{5EA4B1B7-B225-B467-E6FB-16EE6A399AC7}.Release|Any CPU.Build.0 = Release|Any CPU
		{0AB5978D-3AD9-B869-70D5-9EFDB8655F22}.Debug|Any CPU.ActiveCfg = Debug|Any CPU
		{0AB5978D-3AD9-B869-70D5-9EFDB8655F22}.Debug|Any CPU.Build.0 = Debug|Any CPU
		{0AB5978D-3AD9-B869-70D5-9EFDB8655F22}.Release|Any CPU.ActiveCfg = Release|Any CPU
		{0AB5978D-3AD9-B869-70D5-9EFDB8655F22}.Release|Any CPU.Build.0 = Release|Any CPU
		{9981AB21-0BF8-FE54-C073-9D7C0AF43D91}.Debug|Any CPU.ActiveCfg = Debug|Any CPU
		{9981AB21-0BF8-FE54-C073-9D7C0AF43D91}.Debug|Any CPU.Build.0 = Debug|Any CPU
		{9981AB21-0BF8-FE54-C073-9D7C0AF43D91}.Release|Any CPU.ActiveCfg = Release|Any CPU
		{9981AB21-0BF8-FE54-C073-9D7C0AF43D91}.Release|Any CPU.Build.0 = Release|Any CPU
		{AC27A4F2-29CE-788E-2F31-E6EBB2CFC5DB}.Debug|Any CPU.ActiveCfg = Debug|Any CPU
		{AC27A4F2-29CE-788E-2F31-E6EBB2CFC5DB}.Debug|Any CPU.Build.0 = Debug|Any CPU
		{AC27A4F2-29CE-788E-2F31-E6EBB2CFC5DB}.Release|Any CPU.ActiveCfg = Release|Any CPU
		{AC27A4F2-29CE-788E-2F31-E6EBB2CFC5DB}.Release|Any CPU.Build.0 = Release|Any CPU
		{F2BFACB2-6F3C-DFF1-57AE-B07D30C1C980}.Debug|Any CPU.ActiveCfg = Debug|Any CPU
		{F2BFACB2-6F3C-DFF1-57AE-B07D30C1C980}.Debug|Any CPU.Build.0 = Debug|Any CPU
		{F2BFACB2-6F3C-DFF1-57AE-B07D30C1C980}.Release|Any CPU.ActiveCfg = Release|Any CPU
		{F2BFACB2-6F3C-DFF1-57AE-B07D30C1C980}.Release|Any CPU.Build.0 = Release|Any CPU
		{35F842B1-9C5F-6AEE-C15A-8A3A6802F274}.Debug|Any CPU.ActiveCfg = Debug|Any CPU
		{35F842B1-9C5F-6AEE-C15A-8A3A6802F274}.Debug|Any CPU.Build.0 = Debug|Any CPU
		{35F842B1-9C5F-6AEE-C15A-8A3A6802F274}.Release|Any CPU.ActiveCfg = Release|Any CPU
		{35F842B1-9C5F-6AEE-C15A-8A3A6802F274}.Release|Any CPU.Build.0 = Release|Any CPU
		{2CFDADB0-FC10-F7FF-751E-B1D60F3D66D2}.Debug|Any CPU.ActiveCfg = Debug|Any CPU
		{2CFDADB0-FC10-F7FF-751E-B1D60F3D66D2}.Debug|Any CPU.Build.0 = Debug|Any CPU
		{2CFDADB0-FC10-F7FF-751E-B1D60F3D66D2}.Release|Any CPU.ActiveCfg = Release|Any CPU
		{2CFDADB0-FC10-F7FF-751E-B1D60F3D66D2}.Release|Any CPU.Build.0 = Release|Any CPU
		{10A4D23C-532D-83C0-D8EE-C8FD7A7EA61F}.Debug|Any CPU.ActiveCfg = Debug|Any CPU
		{10A4D23C-532D-83C0-D8EE-C8FD7A7EA61F}.Debug|Any CPU.Build.0 = Debug|Any CPU
		{10A4D23C-532D-83C0-D8EE-C8FD7A7EA61F}.Release|Any CPU.ActiveCfg = Release|Any CPU
		{10A4D23C-532D-83C0-D8EE-C8FD7A7EA61F}.Release|Any CPU.Build.0 = Release|Any CPU
		{ECA26469-77DF-DCA9-253F-0E71BA7B0B90}.Debug|Any CPU.ActiveCfg = Debug|Any CPU
		{ECA26469-77DF-DCA9-253F-0E71BA7B0B90}.Debug|Any CPU.Build.0 = Debug|Any CPU
		{ECA26469-77DF-DCA9-253F-0E71BA7B0B90}.Release|Any CPU.ActiveCfg = Release|Any CPU
		{ECA26469-77DF-DCA9-253F-0E71BA7B0B90}.Release|Any CPU.Build.0 = Release|Any CPU
		{AC2DC10D-DFB0-D19C-0EC9-3395B51B8FED}.Debug|Any CPU.ActiveCfg = Debug|Any CPU
		{AC2DC10D-DFB0-D19C-0EC9-3395B51B8FED}.Debug|Any CPU.Build.0 = Debug|Any CPU
		{AC2DC10D-DFB0-D19C-0EC9-3395B51B8FED}.Release|Any CPU.ActiveCfg = Release|Any CPU
		{AC2DC10D-DFB0-D19C-0EC9-3395B51B8FED}.Release|Any CPU.Build.0 = Release|Any CPU
		{2592CF76-4AFE-A9BE-ACA2-052D99C62804}.Debug|Any CPU.ActiveCfg = Debug|Any CPU
		{2592CF76-4AFE-A9BE-ACA2-052D99C62804}.Debug|Any CPU.Build.0 = Debug|Any CPU
		{2592CF76-4AFE-A9BE-ACA2-052D99C62804}.Release|Any CPU.ActiveCfg = Release|Any CPU
		{2592CF76-4AFE-A9BE-ACA2-052D99C62804}.Release|Any CPU.Build.0 = Release|Any CPU
	EndGlobalSection
	GlobalSection(SolutionProperties) = preSolution
		HideSolutionNode = FALSE
	EndGlobalSection
EndGlobal
